
Microsoft Visual Studio Solution File, Format Version 12.00
# Visual Studio Version 16
VisualStudioVersion = 16.0.29613.14
MinimumVisualStudioVersion = 10.0.40219.1
Project("{2150E333-8FDC-42A3-9474-1A3956D46DE8}") = "CleanArchitecture.Application", "CleanArchitecture.Application", "{E54F72A2-00F4-4079-84D2-24C3ED5CBBA5}"
EndProject
Project("{2150E333-8FDC-42A3-9474-1A3956D46DE8}") = "CleanArchitecture.Domain", "CleanArchitecture.Domain", "{373502CB-155E-49CB-BD38-35053AFE0AB6}"
EndProject
Project("{2150E333-8FDC-42A3-9474-1A3956D46DE8}") = "CleanArchitecture.Infra.IoC", "CleanArchitecture.Infra.IoC", "{1961222E-1E70-429D-B46A-CDADDF03D0B8}"
EndProject
Project("{2150E333-8FDC-42A3-9474-1A3956D46DE8}") = "CleanArchitecture.Application.Infra.Data", "CleanArchitecture.Application.Infra.Data", "{E65AA17C-FCA7-4766-B68A-A656BB62342E}"
EndProject
Project("{2150E333-8FDC-42A3-9474-1A3956D46DE8}") = "CleanArchitecture.UI.Mvc", "CleanArchitecture.UI.Mvc", "{B2512DF5-EFDB-4B88-B6E7-89C64C6F5784}"
EndProject
Project("{FAE04EC0-301F-11D3-BF4B-00C04F79EFBC}") = "CleanArchitecture.Mvc", "CleanArchitecture.Mvc\CleanArchitecture.Mvc.csproj", "{49318CA3-0A96-4E92-83F2-CB8F0E46678B}"
EndProject
Global
	GlobalSection(SolutionConfigurationPlatforms) = preSolution
		Debug|Any CPU = Debug|Any CPU
		Release|Any CPU = Release|Any CPU
	EndGlobalSection
	GlobalSection(ProjectConfigurationPlatforms) = postSolution
		{49318CA3-0A96-4E92-83F2-CB8F0E46678B}.Debug|Any CPU.ActiveCfg = Debug|Any CPU
		{49318CA3-0A96-4E92-83F2-CB8F0E46678B}.Debug|Any CPU.Build.0 = Debug|Any CPU
		{49318CA3-0A96-4E92-83F2-CB8F0E46678B}.Release|Any CPU.ActiveCfg = Release|Any CPU
		{49318CA3-0A96-4E92-83F2-CB8F0E46678B}.Release|Any CPU.Build.0 = Release|Any CPU
	EndGlobalSection
	GlobalSection(SolutionProperties) = preSolution
		HideSolutionNode = FALSE
	EndGlobalSection
	GlobalSection(NestedProjects) = preSolution
		{49318CA3-0A96-4E92-83F2-CB8F0E46678B} = {B2512DF5-EFDB-4B88-B6E7-89C64C6F5784}
	EndGlobalSection
	GlobalSection(ExtensibilityGlobals) = postSolution
		SolutionGuid = {B74703FE-6977-444D-BC4C-3A8C84547CB9}
	EndGlobalSection
EndGlobal
