
Microsoft Visual Studio Solution File, Format Version 12.00
# Visual Studio Version 16
VisualStudioVersion = 16.0.29613.14
MinimumVisualStudioVersion = 10.0.40219.1
Project("{2150E333-8FDC-42A3-9474-1A3956D46DE8}") = "Application", "Application", "{E54F72A2-00F4-4079-84D2-24C3ED5CBBA5}"
EndProject
Project("{2150E333-8FDC-42A3-9474-1A3956D46DE8}") = "Domain", "Domain", "{373502CB-155E-49CB-BD38-35053AFE0AB6}"
EndProject
Project("{2150E333-8FDC-42A3-9474-1A3956D46DE8}") = "Infra.IoC", "Infra.IoC", "{1961222E-1E70-429D-B46A-CDADDF03D0B8}"
EndProject
Project("{2150E333-8FDC-42A3-9474-1A3956D46DE8}") = "Infra.Data", "Infra.Data", "{E65AA17C-FCA7-4766-B68A-A656BB62342E}"
EndProject
Project("{2150E333-8FDC-42A3-9474-1A3956D46DE8}") = "Presentation", "Presentation", "{B2512DF5-EFDB-4B88-B6E7-89C64C6F5784}"
EndProject
Project("{9A19103F-16F7-4668-BE54-9A1E7A4F7556}") = "CleanArchitecture.Mvc", "CleanArchitecture.Mvc\CleanArchitecture.Mvc.csproj", "{49318CA3-0A96-4E92-83F2-CB8F0E46678B}"
EndProject
Project("{9A19103F-16F7-4668-BE54-9A1E7A4F7556}") = "CleanArchitecture.Domain", "CleanArchitecture.Domain\CleanArchitecture.Domain.csproj", "{11665FB0-246C-4C4D-9F55-3E16FC5AB901}"
EndProject
Project("{9A19103F-16F7-4668-BE54-9A1E7A4F7556}") = "CleanArchitecture.Infra.Data", "CleanArchitecture.Infra.Data\CleanArchitecture.Infra.Data.csproj", "{8F9FA258-EA97-4544-B920-4B2826B46C60}"
EndProject
Project("{FAE04EC0-301F-11D3-BF4B-00C04F79EFBC}") = "CleanArchitecture.Application", "CleanArchitecture.Application\CleanArchitecture.Application.csproj", "{634321A6-3E02-4F74-A17F-C55E60C13B2C}"
EndProject
Project("{FAE04EC0-301F-11D3-BF4B-00C04F79EFBC}") = "CleanArchitecture.Infra.IoC", "CleanArchitecture.Infra.IoC\CleanArchitecture.Infra.IoC.csproj", "{61B4A920-9916-458A-AA3E-CBB8632DD398}"
EndProject
Project("{2150E333-8FDC-42A3-9474-1A3956D46DE8}") = "Infra.Bus", "Infra.Bus", "{FFEEB041-EA64-4C33-AA1F-0FD74398DE75}"
EndProject
Project("{2150E333-8FDC-42A3-9474-1A3956D46DE8}") = "Api", "Api", "{5B2A9A21-679A-4F9B-B2E0-7E59149A5CAB}"
EndProject
Global
	GlobalSection(SolutionConfigurationPlatforms) = preSolution
		Debug|Any CPU = Debug|Any CPU
		Release|Any CPU = Release|Any CPU
	EndGlobalSection
	GlobalSection(ProjectConfigurationPlatforms) = postSolution
		{49318CA3-0A96-4E92-83F2-CB8F0E46678B}.Debug|Any CPU.ActiveCfg = Debug|Any CPU
		{49318CA3-0A96-4E92-83F2-CB8F0E46678B}.Debug|Any CPU.Build.0 = Debug|Any CPU
		{49318CA3-0A96-4E92-83F2-CB8F0E46678B}.Release|Any CPU.ActiveCfg = Release|Any CPU
		{49318CA3-0A96-4E92-83F2-CB8F0E46678B}.Release|Any CPU.Build.0 = Release|Any CPU
		{11665FB0-246C-4C4D-9F55-3E16FC5AB901}.Debug|Any CPU.ActiveCfg = Debug|Any CPU
		{11665FB0-246C-4C4D-9F55-3E16FC5AB901}.Debug|Any CPU.Build.0 = Debug|Any CPU
		{11665FB0-246C-4C4D-9F55-3E16FC5AB901}.Release|Any CPU.ActiveCfg = Release|Any CPU
		{11665FB0-246C-4C4D-9F55-3E16FC5AB901}.Release|Any CPU.Build.0 = Release|Any CPU
		{8F9FA258-EA97-4544-B920-4B2826B46C60}.Debug|Any CPU.ActiveCfg = Debug|Any CPU
		{8F9FA258-EA97-4544-B920-4B2826B46C60}.Debug|Any CPU.Build.0 = Debug|Any CPU
		{8F9FA258-EA97-4544-B920-4B2826B46C60}.Release|Any CPU.ActiveCfg = Release|Any CPU
		{8F9FA258-EA97-4544-B920-4B2826B46C60}.Release|Any CPU.Build.0 = Release|Any CPU
		{634321A6-3E02-4F74-A17F-C55E60C13B2C}.Debug|Any CPU.ActiveCfg = Debug|Any CPU
		{634321A6-3E02-4F74-A17F-C55E60C13B2C}.Debug|Any CPU.Build.0 = Debug|Any CPU
		{634321A6-3E02-4F74-A17F-C55E60C13B2C}.Release|Any CPU.ActiveCfg = Release|Any CPU
		{634321A6-3E02-4F74-A17F-C55E60C13B2C}.Release|Any CPU.Build.0 = Release|Any CPU
		{61B4A920-9916-458A-AA3E-CBB8632DD398}.Debug|Any CPU.ActiveCfg = Debug|Any CPU
		{61B4A920-9916-458A-AA3E-CBB8632DD398}.Debug|Any CPU.Build.0 = Debug|Any CPU
		{61B4A920-9916-458A-AA3E-CBB8632DD398}.Release|Any CPU.ActiveCfg = Release|Any CPU
		{61B4A920-9916-458A-AA3E-CBB8632DD398}.Release|Any CPU.Build.0 = Release|Any CPU
	EndGlobalSection
	GlobalSection(SolutionProperties) = preSolution
		HideSolutionNode = FALSE
	EndGlobalSection
	GlobalSection(NestedProjects) = preSolution
		{49318CA3-0A96-4E92-83F2-CB8F0E46678B} = {B2512DF5-EFDB-4B88-B6E7-89C64C6F5784}
		{11665FB0-246C-4C4D-9F55-3E16FC5AB901} = {373502CB-155E-49CB-BD38-35053AFE0AB6}
		{8F9FA258-EA97-4544-B920-4B2826B46C60} = {E65AA17C-FCA7-4766-B68A-A656BB62342E}
		{634321A6-3E02-4F74-A17F-C55E60C13B2C} = {E54F72A2-00F4-4079-84D2-24C3ED5CBBA5}
		{61B4A920-9916-458A-AA3E-CBB8632DD398} = {1961222E-1E70-429D-B46A-CDADDF03D0B8}
	EndGlobalSection
	GlobalSection(ExtensibilityGlobals) = postSolution
		SolutionGuid = {B74703FE-6977-444D-BC4C-3A8C84547CB9}
	EndGlobalSection
EndGlobal
